
Microsoft Visual Studio Solution File, Format Version 12.00
# Visual Studio Version 16
VisualStudioVersion = 16.0.29806.167
MinimumVisualStudioVersion = 10.0.40219.1
Project("{FAE04EC0-301F-11D3-BF4B-00C04F79EFBC}") = "iRLeagueDatabase", "iRLeagueDatabase\iRLeagueDatabase.csproj", "{AAAC06DB-63AC-4002-9F30-2AC330F64B33}"
EndProject
Project("{FAE04EC0-301F-11D3-BF4B-00C04F79EFBC}") = "LeagueDBService", "LeagueDBService\LeagueDBService.csproj", "{C7B2EEAA-632C-4519-89AD-56377AFCD1A0}"
EndProject
Project("{E24C65DC-7377-472B-9ABA-BC803B73C61A}") = "LeagueDBService_IIS", "LeagueDBService_IIS\", "{EAEDF277-8F6A-4125-8137-621E3997DC0A}"
	ProjectSection(WebsiteProperties) = preProject
		TargetFrameworkMoniker = ".NETFramework,Version%3Dv4.5"
		ProjectReferences = "{aaac06db-63ac-4002-9f30-2ac330f64b33}|iRLeagueDatabase.dll;{c7b2eeaa-632c-4519-89ad-56377afcd1a0}|LeagueDBService.dll;{E80E0176-8BBB-4AB6-B528-314352267B12}|iRLeagueUserDatabase.dll;"
		Debug.AspNetCompiler.VirtualPath = "/localhost_53769"
		Debug.AspNetCompiler.PhysicalPath = "LeagueDBService_IIS\"
		Debug.AspNetCompiler.TargetPath = "PrecompiledWeb\localhost_53769\"
		Debug.AspNetCompiler.Updateable = "true"
		Debug.AspNetCompiler.ForceOverwrite = "true"
		Debug.AspNetCompiler.FixedNames = "false"
		Debug.AspNetCompiler.Debug = "True"
		Release.AspNetCompiler.VirtualPath = "/localhost_53769"
		Release.AspNetCompiler.PhysicalPath = "LeagueDBService_IIS\"
		Release.AspNetCompiler.TargetPath = "PrecompiledWeb\localhost_53769\"
		Release.AspNetCompiler.Updateable = "true"
		Release.AspNetCompiler.ForceOverwrite = "true"
		Release.AspNetCompiler.FixedNames = "false"
		Release.AspNetCompiler.Debug = "False"
		VWDPort = "53769"
		SlnRelativePath = "LeagueDBService_IIS\"
	EndProjectSection
EndProject
Project("{FAE04EC0-301F-11D3-BF4B-00C04F79EFBC}") = "iRLeagueRESTService", "iRLeagueRESTService\iRLeagueRESTService.csproj", "{212F1B36-18F3-4128-A735-C27A9C7D8AD2}"
EndProject
Project("{FAE04EC0-301F-11D3-BF4B-00C04F79EFBC}") = "TestConsole", "TestConsole\TestConsole.csproj", "{6D5EE632-6FBE-4F80-92B2-EB6953E56CE6}"
EndProject
Project("{FAE04EC0-301F-11D3-BF4B-00C04F79EFBC}") = "iRLeagueUserDatabase", "iRLeagueUserDatabase\iRLeagueUserDatabase.csproj", "{E80E0176-8BBB-4AB6-B528-314352267B12}"
EndProject
Global
	GlobalSection(SolutionConfigurationPlatforms) = preSolution
		Debug|Any CPU = Debug|Any CPU
		Release|Any CPU = Release|Any CPU
	EndGlobalSection
	GlobalSection(ProjectConfigurationPlatforms) = postSolution
		{AAAC06DB-63AC-4002-9F30-2AC330F64B33}.Debug|Any CPU.ActiveCfg = Debug|Any CPU
		{AAAC06DB-63AC-4002-9F30-2AC330F64B33}.Debug|Any CPU.Build.0 = Debug|Any CPU
		{AAAC06DB-63AC-4002-9F30-2AC330F64B33}.Release|Any CPU.ActiveCfg = Release|Any CPU
		{AAAC06DB-63AC-4002-9F30-2AC330F64B33}.Release|Any CPU.Build.0 = Release|Any CPU
		{C7B2EEAA-632C-4519-89AD-56377AFCD1A0}.Debug|Any CPU.ActiveCfg = Debug|Any CPU
		{C7B2EEAA-632C-4519-89AD-56377AFCD1A0}.Debug|Any CPU.Build.0 = Debug|Any CPU
		{C7B2EEAA-632C-4519-89AD-56377AFCD1A0}.Release|Any CPU.ActiveCfg = Release|Any CPU
		{C7B2EEAA-632C-4519-89AD-56377AFCD1A0}.Release|Any CPU.Build.0 = Release|Any CPU
		{EAEDF277-8F6A-4125-8137-621E3997DC0A}.Debug|Any CPU.ActiveCfg = Debug|Any CPU
		{EAEDF277-8F6A-4125-8137-621E3997DC0A}.Debug|Any CPU.Build.0 = Debug|Any CPU
		{EAEDF277-8F6A-4125-8137-621E3997DC0A}.Release|Any CPU.ActiveCfg = Debug|Any CPU
		{EAEDF277-8F6A-4125-8137-621E3997DC0A}.Release|Any CPU.Build.0 = Debug|Any CPU
		{212F1B36-18F3-4128-A735-C27A9C7D8AD2}.Debug|Any CPU.ActiveCfg = Debug|Any CPU
		{212F1B36-18F3-4128-A735-C27A9C7D8AD2}.Debug|Any CPU.Build.0 = Debug|Any CPU
		{212F1B36-18F3-4128-A735-C27A9C7D8AD2}.Release|Any CPU.ActiveCfg = Release|Any CPU
		{212F1B36-18F3-4128-A735-C27A9C7D8AD2}.Release|Any CPU.Build.0 = Release|Any CPU
		{6D5EE632-6FBE-4F80-92B2-EB6953E56CE6}.Debug|Any CPU.ActiveCfg = Debug|Any CPU
		{6D5EE632-6FBE-4F80-92B2-EB6953E56CE6}.Debug|Any CPU.Build.0 = Debug|Any CPU
		{6D5EE632-6FBE-4F80-92B2-EB6953E56CE6}.Release|Any CPU.ActiveCfg = Release|Any CPU
		{6D5EE632-6FBE-4F80-92B2-EB6953E56CE6}.Release|Any CPU.Build.0 = Release|Any CPU
		{E80E0176-8BBB-4AB6-B528-314352267B12}.Debug|Any CPU.ActiveCfg = Debug|Any CPU
		{E80E0176-8BBB-4AB6-B528-314352267B12}.Debug|Any CPU.Build.0 = Debug|Any CPU
		{E80E0176-8BBB-4AB6-B528-314352267B12}.Release|Any CPU.ActiveCfg = Release|Any CPU
		{E80E0176-8BBB-4AB6-B528-314352267B12}.Release|Any CPU.Build.0 = Release|Any CPU
	EndGlobalSection
	GlobalSection(SolutionProperties) = preSolution
		HideSolutionNode = FALSE
	EndGlobalSection
	GlobalSection(ExtensibilityGlobals) = postSolution
		SolutionGuid = {D4296B29-6CF0-4C75-9007-2B018CF45B8D}
	EndGlobalSection
EndGlobal
