
Microsoft Visual Studio Solution File, Format Version 12.00
# Visual Studio Version 16
VisualStudioVersion = 16.0.29806.167
MinimumVisualStudioVersion = 10.0.40219.1
Project("{FAE04EC0-301F-11D3-BF4B-00C04F79EFBC}") = "iRLeagueDatabase", "iRLeagueDatabase\iRLeagueDatabase.csproj", "{AAAC06DB-63AC-4002-9F30-2AC330F64B33}"
EndProject
Project("{FAE04EC0-301F-11D3-BF4B-00C04F79EFBC}") = "iRLeagueRESTService", "iRLeagueRESTService\iRLeagueRESTService.csproj", "{212F1B36-18F3-4128-A735-C27A9C7D8AD2}"
EndProject
Project("{FAE04EC0-301F-11D3-BF4B-00C04F79EFBC}") = "TestConsole", "TestConsole\TestConsole.csproj", "{6D5EE632-6FBE-4F80-92B2-EB6953E56CE6}"
EndProject
Project("{FAE04EC0-301F-11D3-BF4B-00C04F79EFBC}") = "iRLeagueUserDatabase", "iRLeagueUserDatabase\iRLeagueUserDatabase.csproj", "{E80E0176-8BBB-4AB6-B528-314352267B12}"
EndProject
Project("{FAE04EC0-301F-11D3-BF4B-00C04F79EFBC}") = "Communication", "..\Users\simon\source\repos\iRLeagueManager\Communication\Communication.csproj", "{0AFD7545-DE7F-44D0-A3B0-DAF3A1E0844F}"
EndProject
Global
	GlobalSection(SolutionConfigurationPlatforms) = preSolution
		Debug Local|Any CPU = Debug Local|Any CPU
		Debug|Any CPU = Debug|Any CPU
		Release|Any CPU = Release|Any CPU
	EndGlobalSection
	GlobalSection(ProjectConfigurationPlatforms) = postSolution
		{AAAC06DB-63AC-4002-9F30-2AC330F64B33}.Debug Local|Any CPU.ActiveCfg = Debug|Any CPU
		{AAAC06DB-63AC-4002-9F30-2AC330F64B33}.Debug Local|Any CPU.Build.0 = Debug|Any CPU
		{AAAC06DB-63AC-4002-9F30-2AC330F64B33}.Debug|Any CPU.ActiveCfg = Debug|Any CPU
		{AAAC06DB-63AC-4002-9F30-2AC330F64B33}.Debug|Any CPU.Build.0 = Debug|Any CPU
		{AAAC06DB-63AC-4002-9F30-2AC330F64B33}.Release|Any CPU.ActiveCfg = Release|Any CPU
		{AAAC06DB-63AC-4002-9F30-2AC330F64B33}.Release|Any CPU.Build.0 = Release|Any CPU
		{212F1B36-18F3-4128-A735-C27A9C7D8AD2}.Debug Local|Any CPU.ActiveCfg = Debug|Any CPU
		{212F1B36-18F3-4128-A735-C27A9C7D8AD2}.Debug Local|Any CPU.Build.0 = Debug|Any CPU
		{212F1B36-18F3-4128-A735-C27A9C7D8AD2}.Debug|Any CPU.ActiveCfg = Debug|Any CPU
		{212F1B36-18F3-4128-A735-C27A9C7D8AD2}.Debug|Any CPU.Build.0 = Debug|Any CPU
		{212F1B36-18F3-4128-A735-C27A9C7D8AD2}.Release|Any CPU.ActiveCfg = Release|Any CPU
		{212F1B36-18F3-4128-A735-C27A9C7D8AD2}.Release|Any CPU.Build.0 = Release|Any CPU
		{6D5EE632-6FBE-4F80-92B2-EB6953E56CE6}.Debug Local|Any CPU.ActiveCfg = Debug|Any CPU
		{6D5EE632-6FBE-4F80-92B2-EB6953E56CE6}.Debug Local|Any CPU.Build.0 = Debug|Any CPU
		{6D5EE632-6FBE-4F80-92B2-EB6953E56CE6}.Debug|Any CPU.ActiveCfg = Debug|Any CPU
		{6D5EE632-6FBE-4F80-92B2-EB6953E56CE6}.Debug|Any CPU.Build.0 = Debug|Any CPU
		{6D5EE632-6FBE-4F80-92B2-EB6953E56CE6}.Release|Any CPU.ActiveCfg = Release|Any CPU
		{6D5EE632-6FBE-4F80-92B2-EB6953E56CE6}.Release|Any CPU.Build.0 = Release|Any CPU
		{E80E0176-8BBB-4AB6-B528-314352267B12}.Debug Local|Any CPU.ActiveCfg = Debug|Any CPU
		{E80E0176-8BBB-4AB6-B528-314352267B12}.Debug Local|Any CPU.Build.0 = Debug|Any CPU
		{E80E0176-8BBB-4AB6-B528-314352267B12}.Debug|Any CPU.ActiveCfg = Debug|Any CPU
		{E80E0176-8BBB-4AB6-B528-314352267B12}.Debug|Any CPU.Build.0 = Debug|Any CPU
		{E80E0176-8BBB-4AB6-B528-314352267B12}.Release|Any CPU.ActiveCfg = Release|Any CPU
		{E80E0176-8BBB-4AB6-B528-314352267B12}.Release|Any CPU.Build.0 = Release|Any CPU
		{0AFD7545-DE7F-44D0-A3B0-DAF3A1E0844F}.Debug Local|Any CPU.ActiveCfg = Debug|Any CPU
		{0AFD7545-DE7F-44D0-A3B0-DAF3A1E0844F}.Debug Local|Any CPU.Build.0 = Debug|Any CPU
		{0AFD7545-DE7F-44D0-A3B0-DAF3A1E0844F}.Debug|Any CPU.ActiveCfg = Debug|Any CPU
		{0AFD7545-DE7F-44D0-A3B0-DAF3A1E0844F}.Debug|Any CPU.Build.0 = Debug|Any CPU
		{0AFD7545-DE7F-44D0-A3B0-DAF3A1E0844F}.Release|Any CPU.ActiveCfg = Release|Any CPU
		{0AFD7545-DE7F-44D0-A3B0-DAF3A1E0844F}.Release|Any CPU.Build.0 = Release|Any CPU
	EndGlobalSection
	GlobalSection(SolutionProperties) = preSolution
		HideSolutionNode = FALSE
	EndGlobalSection
	GlobalSection(ExtensibilityGlobals) = postSolution
		SolutionGuid = {D4296B29-6CF0-4C75-9007-2B018CF45B8D}
	EndGlobalSection
EndGlobal
